
Microsoft Visual Studio Solution File, Format Version 12.00
# Visual Studio 15
VisualStudioVersion = 15.0.27004.2008
MinimumVisualStudioVersion = 10.0.40219.1
Project("{FAE04EC0-301F-11D3-BF4B-00C04F79EFBC}") = "Task1", "Task1\Task1.csproj", "{0ABFAD2E-217A-4511-8594-7DCEA30F0324}"
EndProject
Project("{FAE04EC0-301F-11D3-BF4B-00C04F79EFBC}") = "Task1.Tests", "Task1.Tests\Task1.Tests.csproj", "{8EDF4429-251A-416D-BB68-93F227191BCF}"
EndProject
Project("{FAE04EC0-301F-11D3-BF4B-00C04F79EFBC}") = "Task2_1.ConsoleApp", "Task2_1.ConsoleApp\Task2_1.ConsoleApp.csproj", "{1C384715-7DF6-4B7F-9CB1-510679EAC3B2}"
EndProject
Project("{FAE04EC0-301F-11D3-BF4B-00C04F79EFBC}") = "Task2_2", "Task2_2\Task2_2.csproj", "{B34C9441-CA0C-417D-8622-550968999C5E}"
EndProject
Project("{FAE04EC0-301F-11D3-BF4B-00C04F79EFBC}") = "Task2_2.Tests", "Task2_2.Tests\Task2_2.Tests.csproj", "{41CFA242-E755-4FE1-AD39-DF982E6EF260}"
EndProject
Project("{FAE04EC0-301F-11D3-BF4B-00C04F79EFBC}") = "Task3", "Task3\Task3.csproj", "{2102D039-CCBE-4FFA-A787-E43EED58A8D8}"
EndProject
Project("{FAE04EC0-301F-11D3-BF4B-00C04F79EFBC}") = "Task3.Tests", "Task3.Tests\Task3.Tests.csproj", "{77839AF6-8173-4E48-9D64-2442305284B1}"
EndProject
Project("{FAE04EC0-301F-11D3-BF4B-00C04F79EFBC}") = "Task4.ConsoleApp", "Task4.ConsoleApp\Task4.ConsoleApp.csproj", "{6CD7615B-E6E7-42CC-B32B-153C746ACC47}"
EndProject
Project("{FAE04EC0-301F-11D3-BF4B-00C04F79EFBC}") = "Task4", "Task4\Task4.csproj", "{B06A1D77-F186-49D2-ACB4-DB1E8AA3CC13}"
EndProject
Project("{FAE04EC0-301F-11D3-BF4B-00C04F79EFBC}") = "Task5", "Task5\Task5.csproj", "{2A79C5E2-BE33-4340-BFB5-7249F6161155}"
EndProject
Project("{FAE04EC0-301F-11D3-BF4B-00C04F79EFBC}") = "Task5.Tests", "Task5.Tests\Task5.Tests.csproj", "{5C7C30EA-68D7-474D-8BA8-34D7DC9B33A4}"
EndProject
Project("{FAE04EC0-301F-11D3-BF4B-00C04F79EFBC}") = "Task5.Tests.Model1", "Task5.Tests.Model1\Task5.Tests.Model1.csproj", "{600A5D69-F140-413F-95EC-71556F28E108}"
EndProject
Global
	GlobalSection(SolutionConfigurationPlatforms) = preSolution
		Debug|Any CPU = Debug|Any CPU
		Release|Any CPU = Release|Any CPU
	EndGlobalSection
	GlobalSection(ProjectConfigurationPlatforms) = postSolution
		{0ABFAD2E-217A-4511-8594-7DCEA30F0324}.Debug|Any CPU.ActiveCfg = Debug|Any CPU
		{0ABFAD2E-217A-4511-8594-7DCEA30F0324}.Debug|Any CPU.Build.0 = Debug|Any CPU
		{0ABFAD2E-217A-4511-8594-7DCEA30F0324}.Release|Any CPU.ActiveCfg = Release|Any CPU
		{0ABFAD2E-217A-4511-8594-7DCEA30F0324}.Release|Any CPU.Build.0 = Release|Any CPU
		{8EDF4429-251A-416D-BB68-93F227191BCF}.Debug|Any CPU.ActiveCfg = Debug|Any CPU
		{8EDF4429-251A-416D-BB68-93F227191BCF}.Debug|Any CPU.Build.0 = Debug|Any CPU
		{8EDF4429-251A-416D-BB68-93F227191BCF}.Release|Any CPU.ActiveCfg = Release|Any CPU
		{8EDF4429-251A-416D-BB68-93F227191BCF}.Release|Any CPU.Build.0 = Release|Any CPU
		{1C384715-7DF6-4B7F-9CB1-510679EAC3B2}.Debug|Any CPU.ActiveCfg = Debug|Any CPU
		{1C384715-7DF6-4B7F-9CB1-510679EAC3B2}.Debug|Any CPU.Build.0 = Debug|Any CPU
		{1C384715-7DF6-4B7F-9CB1-510679EAC3B2}.Release|Any CPU.ActiveCfg = Release|Any CPU
		{1C384715-7DF6-4B7F-9CB1-510679EAC3B2}.Release|Any CPU.Build.0 = Release|Any CPU
		{B34C9441-CA0C-417D-8622-550968999C5E}.Debug|Any CPU.ActiveCfg = Debug|Any CPU
		{B34C9441-CA0C-417D-8622-550968999C5E}.Debug|Any CPU.Build.0 = Debug|Any CPU
		{B34C9441-CA0C-417D-8622-550968999C5E}.Release|Any CPU.ActiveCfg = Release|Any CPU
		{B34C9441-CA0C-417D-8622-550968999C5E}.Release|Any CPU.Build.0 = Release|Any CPU
		{41CFA242-E755-4FE1-AD39-DF982E6EF260}.Debug|Any CPU.ActiveCfg = Debug|Any CPU
		{41CFA242-E755-4FE1-AD39-DF982E6EF260}.Debug|Any CPU.Build.0 = Debug|Any CPU
		{41CFA242-E755-4FE1-AD39-DF982E6EF260}.Release|Any CPU.ActiveCfg = Release|Any CPU
		{41CFA242-E755-4FE1-AD39-DF982E6EF260}.Release|Any CPU.Build.0 = Release|Any CPU
		{2102D039-CCBE-4FFA-A787-E43EED58A8D8}.Debug|Any CPU.ActiveCfg = Debug|Any CPU
		{2102D039-CCBE-4FFA-A787-E43EED58A8D8}.Debug|Any CPU.Build.0 = Debug|Any CPU
		{2102D039-CCBE-4FFA-A787-E43EED58A8D8}.Release|Any CPU.ActiveCfg = Release|Any CPU
		{2102D039-CCBE-4FFA-A787-E43EED58A8D8}.Release|Any CPU.Build.0 = Release|Any CPU
		{77839AF6-8173-4E48-9D64-2442305284B1}.Debug|Any CPU.ActiveCfg = Debug|Any CPU
		{77839AF6-8173-4E48-9D64-2442305284B1}.Debug|Any CPU.Build.0 = Debug|Any CPU
		{77839AF6-8173-4E48-9D64-2442305284B1}.Release|Any CPU.ActiveCfg = Release|Any CPU
		{77839AF6-8173-4E48-9D64-2442305284B1}.Release|Any CPU.Build.0 = Release|Any CPU
		{6CD7615B-E6E7-42CC-B32B-153C746ACC47}.Debug|Any CPU.ActiveCfg = Debug|Any CPU
		{6CD7615B-E6E7-42CC-B32B-153C746ACC47}.Debug|Any CPU.Build.0 = Debug|Any CPU
		{6CD7615B-E6E7-42CC-B32B-153C746ACC47}.Release|Any CPU.ActiveCfg = Release|Any CPU
		{6CD7615B-E6E7-42CC-B32B-153C746ACC47}.Release|Any CPU.Build.0 = Release|Any CPU
		{B06A1D77-F186-49D2-ACB4-DB1E8AA3CC13}.Debug|Any CPU.ActiveCfg = Debug|Any CPU
		{B06A1D77-F186-49D2-ACB4-DB1E8AA3CC13}.Debug|Any CPU.Build.0 = Debug|Any CPU
		{B06A1D77-F186-49D2-ACB4-DB1E8AA3CC13}.Release|Any CPU.ActiveCfg = Release|Any CPU
		{B06A1D77-F186-49D2-ACB4-DB1E8AA3CC13}.Release|Any CPU.Build.0 = Release|Any CPU
		{2A79C5E2-BE33-4340-BFB5-7249F6161155}.Debug|Any CPU.ActiveCfg = Debug|Any CPU
		{2A79C5E2-BE33-4340-BFB5-7249F6161155}.Debug|Any CPU.Build.0 = Debug|Any CPU
		{2A79C5E2-BE33-4340-BFB5-7249F6161155}.Release|Any CPU.ActiveCfg = Release|Any CPU
		{2A79C5E2-BE33-4340-BFB5-7249F6161155}.Release|Any CPU.Build.0 = Release|Any CPU
		{5C7C30EA-68D7-474D-8BA8-34D7DC9B33A4}.Debug|Any CPU.ActiveCfg = Debug|Any CPU
		{5C7C30EA-68D7-474D-8BA8-34D7DC9B33A4}.Debug|Any CPU.Build.0 = Debug|Any CPU
		{5C7C30EA-68D7-474D-8BA8-34D7DC9B33A4}.Release|Any CPU.ActiveCfg = Release|Any CPU
		{5C7C30EA-68D7-474D-8BA8-34D7DC9B33A4}.Release|Any CPU.Build.0 = Release|Any CPU
		{600A5D69-F140-413F-95EC-71556F28E108}.Debug|Any CPU.ActiveCfg = Debug|Any CPU
		{600A5D69-F140-413F-95EC-71556F28E108}.Debug|Any CPU.Build.0 = Debug|Any CPU
		{600A5D69-F140-413F-95EC-71556F28E108}.Release|Any CPU.ActiveCfg = Release|Any CPU
		{600A5D69-F140-413F-95EC-71556F28E108}.Release|Any CPU.Build.0 = Release|Any CPU
	EndGlobalSection
	GlobalSection(SolutionProperties) = preSolution
		HideSolutionNode = FALSE
	EndGlobalSection
	GlobalSection(ExtensibilityGlobals) = postSolution
		SolutionGuid = {07DDC57A-EE68-4AB1-BD7F-D023408EC580}
	EndGlobalSection
EndGlobal
